// !$*UTF8*$!
{
	archiveVersion = 1;
	classes = {
	};
	objectVersion = 46;
	objects = {

/* Begin PBXBuildFile section */
		942E29931BAFFCC5002817B4 /* main.m in Sources */ = {isa = PBXBuildFile; fileRef = 942E29921BAFFCC5002817B4 /* main.m */; };
		942E29961BAFFCC5002817B4 /* AppDelegate.m in Sources */ = {isa = PBXBuildFile; fileRef = 942E29951BAFFCC5002817B4 /* AppDelegate.m */; };
		942E29991BAFFCC5002817B4 /* ViewController.m in Sources */ = {isa = PBXBuildFile; fileRef = 942E29981BAFFCC5002817B4 /* ViewController.m */; };
		942E299C1BAFFCC5002817B4 /* Main.storyboard in Resources */ = {isa = PBXBuildFile; fileRef = 942E299A1BAFFCC5002817B4 /* Main.storyboard */; };
		942E299E1BAFFCC5002817B4 /* Images.xcassets in Resources */ = {isa = PBXBuildFile; fileRef = 942E299D1BAFFCC5002817B4 /* Images.xcassets */; };
		942E29A11BAFFCC5002817B4 /* LaunchScreen.xib in Resources */ = {isa = PBXBuildFile; fileRef = 942E299F1BAFFCC5002817B4 /* LaunchScreen.xib */; };
		942E29AD1BAFFCC6002817B4 /* RYAlertViewTests.m in Sources */ = {isa = PBXBuildFile; fileRef = 942E29AC1BAFFCC6002817B4 /* RYAlertViewTests.m */; };
		942E29B91BAFFD6A002817B4 /* RYAlertView.m in Sources */ = {isa = PBXBuildFile; fileRef = 942E29B71BAFFD6A002817B4 /* RYAlertView.m */; };
		942E29BA1BAFFD6A002817B4 /* plaint@2x.png in Resources */ = {isa = PBXBuildFile; fileRef = 942E29B81BAFFD6A002817B4 /* plaint@2x.png */; };
/* End PBXBuildFile section */

/* Begin PBXContainerItemProxy section */
		942E29A71BAFFCC6002817B4 /* PBXContainerItemProxy */ = {
			isa = PBXContainerItemProxy;
			containerPortal = 942E29851BAFFCC5002817B4 /* Project object */;
			proxyType = 1;
			remoteGlobalIDString = 942E298C1BAFFCC5002817B4;
			remoteInfo = RYAlertView;
		};
/* End PBXContainerItemProxy section */

/* Begin PBXFileReference section */
		942E298D1BAFFCC5002817B4 /* RYAlertView.app */ = {isa = PBXFileReference; explicitFileType = wrapper.application; includeInIndex = 0; path = RYAlertView.app; sourceTree = BUILT_PRODUCTS_DIR; };
		942E29911BAFFCC5002817B4 /* Info.plist */ = {isa = PBXFileReference; lastKnownFileType = text.plist.xml; path = Info.plist; sourceTree = "<group>"; };
		942E29921BAFFCC5002817B4 /* main.m */ = {isa = PBXFileReference; lastKnownFileType = sourcecode.c.objc; path = main.m; sourceTree = "<group>"; };
		942E29941BAFFCC5002817B4 /* AppDelegate.h */ = {isa = PBXFileReference; lastKnownFileType = sourcecode.c.h; path = AppDelegate.h; sourceTree = "<group>"; };
		942E29951BAFFCC5002817B4 /* AppDelegate.m */ = {isa = PBXFileReference; lastKnownFileType = sourcecode.c.objc; path = AppDelegate.m; sourceTree = "<group>"; };
		942E29971BAFFCC5002817B4 /* ViewController.h */ = {isa = PBXFileReference; lastKnownFileType = sourcecode.c.h; path = ViewController.h; sourceTree = "<group>"; };
		942E29981BAFFCC5002817B4 /* ViewController.m */ = {isa = PBXFileReference; lastKnownFileType = sourcecode.c.objc; path = ViewController.m; sourceTree = "<group>"; };
		942E299B1BAFFCC5002817B4 /* Base */ = {isa = PBXFileReference; lastKnownFileType = file.storyboard; name = Base; path = Base.lproj/Main.storyboard; sourceTree = "<group>"; };
		942E299D1BAFFCC5002817B4 /* Images.xcassets */ = {isa = PBXFileReference; lastKnownFileType = folder.assetcatalog; path = Images.xcassets; sourceTree = "<group>"; };
		942E29A01BAFFCC5002817B4 /* Base */ = {isa = PBXFileReference; lastKnownFileType = file.xib; name = Base; path = Base.lproj/LaunchScreen.xib; sourceTree = "<group>"; };
		942E29A61BAFFCC5002817B4 /* RYAlertViewTests.xctest */ = {isa = PBXFileReference; explicitFileType = wrapper.cfbundle; includeInIndex = 0; path = RYAlertViewTests.xctest; sourceTree = BUILT_PRODUCTS_DIR; };
		942E29AB1BAFFCC6002817B4 /* Info.plist */ = {isa = PBXFileReference; lastKnownFileType = text.plist.xml; path = Info.plist; sourceTree = "<group>"; };
		942E29AC1BAFFCC6002817B4 /* RYAlertViewTests.m */ = {isa = PBXFileReference; lastKnownFileType = sourcecode.c.objc; path = RYAlertViewTests.m; sourceTree = "<group>"; };
		942E29B61BAFFD6A002817B4 /* RYAlertView.h */ = {isa = PBXFileReference; fileEncoding = 4; lastKnownFileType = sourcecode.c.h; path = RYAlertView.h; sourceTree = "<group>"; };
		942E29B71BAFFD6A002817B4 /* RYAlertView.m */ = {isa = PBXFileReference; fileEncoding = 4; lastKnownFileType = sourcecode.c.objc; path = RYAlertView.m; sourceTree = "<group>"; };
		942E29B81BAFFD6A002817B4 /* plaint@2x.png */ = {isa = PBXFileReference; lastKnownFileType = image.png; path = "plaint@2x.png"; sourceTree = "<group>"; };
/* End PBXFileReference section */

/* Begin PBXFrameworksBuildPhase section */
		942E298A1BAFFCC5002817B4 /* Frameworks */ = {
			isa = PBXFrameworksBuildPhase;
			buildActionMask = 2147483647;
			files = (
			);
			runOnlyForDeploymentPostprocessing = 0;
		};
		942E29A31BAFFCC5002817B4 /* Frameworks */ = {
			isa = PBXFrameworksBuildPhase;
			buildActionMask = 2147483647;
			files = (
			);
			runOnlyForDeploymentPostprocessing = 0;
		};
/* End PBXFrameworksBuildPhase section */

/* Begin PBXGroup section */
		942E29841BAFFCC5002817B4 = {
			isa = PBXGroup;
			children = (
				942E298F1BAFFCC5002817B4 /* RYAlertView */,
				942E29A91BAFFCC6002817B4 /* RYAlertViewTests */,
				942E298E1BAFFCC5002817B4 /* Products */,
			);
			sourceTree = "<group>";
		};
		942E298E1BAFFCC5002817B4 /* Products */ = {
			isa = PBXGroup;
			children = (
				942E298D1BAFFCC5002817B4 /* RYAlertView.app */,
				942E29A61BAFFCC5002817B4 /* RYAlertViewTests.xctest */,
			);
			name = Products;
			sourceTree = "<group>";
		};
		942E298F1BAFFCC5002817B4 /* RYAlertView */ = {
			isa = PBXGroup;
			children = (
				942E29941BAFFCC5002817B4 /* AppDelegate.h */,
				942E29951BAFFCC5002817B4 /* AppDelegate.m */,
				942E29971BAFFCC5002817B4 /* ViewController.h */,
				942E29981BAFFCC5002817B4 /* ViewController.m */,
				942E29B61BAFFD6A002817B4 /* RYAlertView.h */,
				942E29B71BAFFD6A002817B4 /* RYAlertView.m */,
				942E29B81BAFFD6A002817B4 /* plaint@2x.png */,
				942E299A1BAFFCC5002817B4 /* Main.storyboard */,
				942E299D1BAFFCC5002817B4 /* Images.xcassets */,
				942E299F1BAFFCC5002817B4 /* LaunchScreen.xib */,
				942E29901BAFFCC5002817B4 /* Supporting Files */,
			);
			path = RYAlertView;
			sourceTree = "<group>";
		};
		942E29901BAFFCC5002817B4 /* Supporting Files */ = {
			isa = PBXGroup;
			children = (
				942E29911BAFFCC5002817B4 /* Info.plist */,
				942E29921BAFFCC5002817B4 /* main.m */,
			);
			name = "Supporting Files";
			sourceTree = "<group>";
		};
		942E29A91BAFFCC6002817B4 /* RYAlertViewTests */ = {
			isa = PBXGroup;
			children = (
				942E29AC1BAFFCC6002817B4 /* RYAlertViewTests.m */,
				942E29AA1BAFFCC6002817B4 /* Supporting Files */,
			);
			path = RYAlertViewTests;
			sourceTree = "<group>";
		};
		942E29AA1BAFFCC6002817B4 /* Supporting Files */ = {
			isa = PBXGroup;
			children = (
				942E29AB1BAFFCC6002817B4 /* Info.plist */,
			);
			name = "Supporting Files";
			sourceTree = "<group>";
		};
/* End PBXGroup section */

/* Begin PBXNativeTarget section */
		942E298C1BAFFCC5002817B4 /* RYAlertView */ = {
			isa = PBXNativeTarget;
			buildConfigurationList = 942E29B01BAFFCC6002817B4 /* Build configuration list for PBXNativeTarget "RYAlertView" */;
			buildPhases = (
				942E29891BAFFCC5002817B4 /* Sources */,
				942E298A1BAFFCC5002817B4 /* Frameworks */,
				942E298B1BAFFCC5002817B4 /* Resources */,
			);
			buildRules = (
			);
			dependencies = (
			);
			name = RYAlertView;
			productName = RYAlertView;
			productReference = 942E298D1BAFFCC5002817B4 /* RYAlertView.app */;
			productType = "com.apple.product-type.application";
		};
		942E29A51BAFFCC5002817B4 /* RYAlertViewTests */ = {
			isa = PBXNativeTarget;
			buildConfigurationList = 942E29B31BAFFCC6002817B4 /* Build configuration list for PBXNativeTarget "RYAlertViewTests" */;
			buildPhases = (
				942E29A21BAFFCC5002817B4 /* Sources */,
				942E29A31BAFFCC5002817B4 /* Frameworks */,
				942E29A41BAFFCC5002817B4 /* Resources */,
			);
			buildRules = (
			);
			dependencies = (
				942E29A81BAFFCC6002817B4 /* PBXTargetDependency */,
			);
			name = RYAlertViewTests;
			productName = RYAlertViewTests;
			productReference = 942E29A61BAFFCC5002817B4 /* RYAlertViewTests.xctest */;
			productType = "com.apple.product-type.bundle.unit-test";
		};
/* End PBXNativeTarget section */

/* Begin PBXProject section */
		942E29851BAFFCC5002817B4 /* Project object */ = {
			isa = PBXProject;
			attributes = {
				LastUpgradeCheck = 0640;
				ORGANIZATIONNAME = "嗖嗖快跑";
				TargetAttributes = {
					942E298C1BAFFCC5002817B4 = {
						CreatedOnToolsVersion = 6.4;
					};
					942E29A51BAFFCC5002817B4 = {
						CreatedOnToolsVersion = 6.4;
						TestTargetID = 942E298C1BAFFCC5002817B4;
					};
				};
			};
			buildConfigurationList = 942E29881BAFFCC5002817B4 /* Build configuration list for PBXProject "RYAlertView" */;
			compatibilityVersion = "Xcode 3.2";
			developmentRegion = English;
			hasScannedForEncodings = 0;
			knownRegions = (
				en,
				Base,
			);
			mainGroup = 942E29841BAFFCC5002817B4;
			productRefGroup = 942E298E1BAFFCC5002817B4 /* Products */;
			projectDirPath = "";
			projectRoot = "";
			targets = (
				942E298C1BAFFCC5002817B4 /* RYAlertView */,
				942E29A51BAFFCC5002817B4 /* RYAlertViewTests */,
			);
		};
/* End PBXProject section */

/* Begin PBXResourcesBuildPhase section */
		942E298B1BAFFCC5002817B4 /* Resources */ = {
			isa = PBXResourcesBuildPhase;
			buildActionMask = 2147483647;
			files = (
				942E299C1BAFFCC5002817B4 /* Main.storyboard in Resources */,
				942E29A11BAFFCC5002817B4 /* LaunchScreen.xib in Resources */,
				942E29BA1BAFFD6A002817B4 /* plaint@2x.png in Resources */,
				942E299E1BAFFCC5002817B4 /* Images.xcassets in Resources */,
			);
			runOnlyForDeploymentPostprocessing = 0;
		};
		942E29A41BAFFCC5002817B4 /* Resources */ = {
			isa = PBXResourcesBuildPhase;
			buildActionMask = 2147483647;
			files = (
			);
			runOnlyForDeploymentPostprocessing = 0;
		};
/* End PBXResourcesBuildPhase section */

/* Begin PBXSourcesBuildPhase section */
		942E29891BAFFCC5002817B4 /* Sources */ = {
			isa = PBXSourcesBuildPhase;
			buildActionMask = 2147483647;
			files = (
				942E29991BAFFCC5002817B4 /* ViewController.m in Sources */,
				942E29961BAFFCC5002817B4 /* AppDelegate.m in Sources */,
				942E29B91BAFFD6A002817B4 /* RYAlertView.m in Sources */,
				942E29931BAFFCC5002817B4 /* main.m in Sources */,
			);
			runOnlyForDeploymentPostprocessing = 0;
		};
		942E29A21BAFFCC5002817B4 /* Sources */ = {
			isa = PBXSourcesBuildPhase;
			buildActionMask = 2147483647;
			files = (
				942E29AD1BAFFCC6002817B4 /* RYAlertViewTests.m in Sources */,
			);
			runOnlyForDeploymentPostprocessing = 0;
		};
/* End PBXSourcesBuildPhase section */

/* Begin PBXTargetDependency section */
		942E29A81BAFFCC6002817B4 /* PBXTargetDependency */ = {
			isa = PBXTargetDependency;
			target = 942E298C1BAFFCC5002817B4 /* RYAlertView */;
			targetProxy = 942E29A71BAFFCC6002817B4 /* PBXContainerItemProxy */;
		};
/* End PBXTargetDependency section */

/* Begin PBXVariantGroup section */
		942E299A1BAFFCC5002817B4 /* Main.storyboard */ = {
			isa = PBXVariantGroup;
			children = (
				942E299B1BAFFCC5002817B4 /* Base */,
			);
			name = Main.storyboard;
			sourceTree = "<group>";
		};
		942E299F1BAFFCC5002817B4 /* LaunchScreen.xib */ = {
			isa = PBXVariantGroup;
			children = (
				942E29A01BAFFCC5002817B4 /* Base */,
			);
			name = LaunchScreen.xib;
			sourceTree = "<group>";
		};
/* End PBXVariantGroup section */

/* Begin XCBuildConfiguration section */
		942E29AE1BAFFCC6002817B4 /* Debug */ = {
			isa = XCBuildConfiguration;
			buildSettings = {
				ALWAYS_SEARCH_USER_PATHS = NO;
				CLANG_CXX_LANGUAGE_STANDARD = "gnu++0x";
				CLANG_CXX_LIBRARY = "libc++";
				CLANG_ENABLE_MODULES = YES;
				CLANG_ENABLE_OBJC_ARC = YES;
				CLANG_WARN_BOOL_CONVERSION = YES;
				CLANG_WARN_CONSTANT_CONVERSION = YES;
				CLANG_WARN_DIRECT_OBJC_ISA_USAGE = YES_ERROR;
				CLANG_WARN_EMPTY_BODY = YES;
				CLANG_WARN_ENUM_CONVERSION = YES;
				CLANG_WARN_INT_CONVERSION = YES;
				CLANG_WARN_OBJC_ROOT_CLASS = YES_ERROR;
				CLANG_WARN_UNREACHABLE_CODE = YES;
				CLANG_WARN__DUPLICATE_METHOD_MATCH = YES;
				"CODE_SIGN_IDENTITY[sdk=iphoneos*]" = "iPhone Developer";
				COPY_PHASE_STRIP = NO;
				DEBUG_INFORMATION_FORMAT = "dwarf-with-dsym";
				ENABLE_STRICT_OBJC_MSGSEND = YES;
				GCC_C_LANGUAGE_STANDARD = gnu99;
				GCC_DYNAMIC_NO_PIC = NO;
				GCC_NO_COMMON_BLOCKS = YES;
				GCC_OPTIMIZATION_LEVEL = 0;
				GCC_PREPROCESSOR_DEFINITIONS = (
					"DEBUG=1",
					"$(inherited)",
				);
				GCC_SYMBOLS_PRIVATE_EXTERN = NO;
				GCC_WARN_64_TO_32_BIT_CONVERSION = YES;
				GCC_WARN_ABOUT_RETURN_TYPE = YES_ERROR;
				GCC_WARN_UNDECLARED_SELECTOR = YES;
				GCC_WARN_UNINITIALIZED_AUTOS = YES_AGGRESSIVE;
				GCC_WARN_UNUSED_FUNCTION = YES;
				GCC_WARN_UNUSED_VARIABLE = YES;
				IPHONEOS_DEPLOYMENT_TARGET = 8.4;
				MTL_ENABLE_DEBUG_INFO = YES;
				ONLY_ACTIVE_ARCH = YES;
				SDKROOT = iphoneos;
			};
			name = Debug;
		};
		942E29AF1BAFFCC6002817B4 /* Release */ = {
			isa = XCBuildConfiguration;
			buildSettings = {
				ALWAYS_SEARCH_USER_PATHS = NO;
				CLANG_CXX_LANGUAGE_STANDARD = "gnu++0x";
				CLANG_CXX_LIBRARY = "libc++";
				CLANG_ENABLE_MODULES = YES;
				CLANG_ENABLE_OBJC_ARC = YES;
				CLANG_WARN_BOOL_CONVERSION = YES;
				CLANG_WARN_CONSTANT_CONVERSION = YES;
				CLANG_WARN_DIRECT_OBJC_ISA_USAGE = YES_ERROR;
				CLANG_WARN_EMPTY_BODY = YES;
				CLANG_WARN_ENUM_CONVERSION = YES;
				CLANG_WARN_INT_CONVERSION = YES;
				CLANG_WARN_OBJC_ROOT_CLASS = YES_ERROR;
				CLANG_WARN_UNREACHABLE_CODE = YES;
				CLANG_WARN__DUPLICATE_METHOD_MATCH = YES;
				"CODE_SIGN_IDENTITY[sdk=iphoneos*]" = "iPhone Developer";
				COPY_PHASE_STRIP = NO;
				DEBUG_INFORMATION_FORMAT = "dwarf-with-dsym";
				ENABLE_NS_ASSERTIONS = NO;
				ENABLE_STRICT_OBJC_MSGSEND = YES;
				GCC_C_LANGUAGE_STANDARD = gnu99;
				GCC_NO_COMMON_BLOCKS = YES;
				GCC_WARN_64_TO_32_BIT_CONVERSION = YES;
				GCC_WARN_ABOUT_RETURN_TYPE = YES_ERROR;
				GCC_WARN_UNDECLARED_SELECTOR = YES;
				GCC_WARN_UNINITIALIZED_AUTOS = YES_AGGRESSIVE;
				GCC_WARN_UNUSED_FUNCTION = YES;
				GCC_WARN_UNUSED_VARIABLE = YES;
				IPHONEOS_DEPLOYMENT_TARGET = 8.4;
				MTL_ENABLE_DEBUG_INFO = NO;
				SDKROOT = iphoneos;
				VALIDATE_PRODUCT = YES;
			};
			name = Release;
		};
		942E29B11BAFFCC6002817B4 /* Debug */ = {
			isa = XCBuildConfiguration;
			buildSettings = {
				ASSETCATALOG_COMPILER_APPICON_NAME = AppIcon;
				INFOPLIST_FILE = RYAlertView/Info.plist;
				LD_RUNPATH_SEARCH_PATHS = "$(inherited) @executable_path/Frameworks";
				PRODUCT_NAME = "$(TARGET_NAME)";
			};
			name = Debug;
		};
		942E29B21BAFFCC6002817B4 /* Release */ = {
			isa = XCBuildConfiguration;
			buildSettings = {
				ASSETCATALOG_COMPILER_APPICON_NAME = AppIcon;
				INFOPLIST_FILE = RYAlertView/Info.plist;
				LD_RUNPATH_SEARCH_PATHS = "$(inherited) @executable_path/Frameworks";
				PRODUCT_NAME = "$(TARGET_NAME)";
			};
			name = Release;
		};
		942E29B41BAFFCC6002817B4 /* Debug */ = {
			isa = XCBuildConfiguration;
			buildSettings = {
				BUNDLE_LOADER = "$(TEST_HOST)";
				FRAMEWORK_SEARCH_PATHS = (
					"$(SDKROOT)/Developer/Library/Frameworks",
					"$(inherited)",
				);
				GCC_PREPROCESSOR_DEFINITIONS = (
					"DEBUG=1",
					"$(inherited)",
				);
				INFOPLIST_FILE = RYAlertViewTests/Info.plist;
				LD_RUNPATH_SEARCH_PATHS = "$(inherited) @executable_path/Frameworks @loader_path/Frameworks";
				PRODUCT_NAME = "$(TARGET_NAME)";
				TEST_HOST = "$(BUILT_PRODUCTS_DIR)/RYAlertView.app/RYAlertView";
			};
			name = Debug;
		};
		942E29B51BAFFCC6002817B4 /* Release */ = {
			isa = XCBuildConfiguration;
			buildSettings = {
				BUNDLE_LOADER = "$(TEST_HOST)";
				FRAMEWORK_SEARCH_PATHS = (
					"$(SDKROOT)/Developer/Library/Frameworks",
					"$(inherited)",
				);
				INFOPLIST_FILE = RYAlertViewTests/Info.plist;
				LD_RUNPATH_SEARCH_PATHS = "$(inherited) @executable_path/Frameworks @loader_path/Frameworks";
				PRODUCT_NAME = "$(TARGET_NAME)";
				TEST_HOST = "$(BUILT_PRODUCTS_DIR)/RYAlertView.app/RYAlertView";
			};
			name = Release;
		};
/* End XCBuildConfiguration section */

/* Begin XCConfigurationList section */
		942E29881BAFFCC5002817B4 /* Build configuration list for PBXProject "RYAlertView" */ = {
			isa = XCConfigurationList;
			buildConfigurations = (
				942E29AE1BAFFCC6002817B4 /* Debug */,
				942E29AF1BAFFCC6002817B4 /* Release */,
			);
			defaultConfigurationIsVisible = 0;
			defaultConfigurationName = Release;
		};
		942E29B01BAFFCC6002817B4 /* Build configuration list for PBXNativeTarget "RYAlertView" */ = {
			isa = XCConfigurationList;
			buildConfigurations = (
				942E29B11BAFFCC6002817B4 /* Debug */,
				942E29B21BAFFCC6002817B4 /* Release */,
			);
			defaultConfigurationIsVisible = 0;
		};
		942E29B31BAFFCC6002817B4 /* Build configuration list for PBXNativeTarget "RYAlertViewTests" */ = {
			isa = XCConfigurationList;
			buildConfigurations = (
				942E29B41BAFFCC6002817B4 /* Debug */,
				942E29B51BAFFCC6002817B4 /* Release */,
			);
			defaultConfigurationIsVisible = 0;
		};
/* End XCConfigurationList section */
	};
	rootObject = 942E29851BAFFCC5002817B4 /* Project object */;
}
